#
# This file is autogenerated by pip-compile with Python 3.12
# by the following command:
#
#    pip-compile --output-file=requirements.lock --strip-extras pyproject.toml
#
annotated-doc==0.0.4
    # via fastapi
annotated-types==0.7.0
    # via pydantic
anyio==4.13.0
    # via
    #   httpx
    #   starlette
    #   watchfiles
certifi==2026.4.22
    # via
    #   httpcore
    #   httpx
click==8.3.3
    # via uvicorn
fastapi==0.136.1
    # via bytesim-astra-sim-svc (pyproject.toml)
h11==0.14.0
    # via
    #   httpcore
    #   uvicorn
httpcore==1.0.7
    # via httpx
httptools==0.7.1
    # via uvicorn
httpx==0.28.1
    # via bytesim-astra-sim-svc (pyproject.toml)
idna==3.13
    # via
    #   anyio
    #   httpx
protobuf==7.34.1
    # via bytesim-astra-sim-svc (pyproject.toml)
pydantic==2.13.3
    # via
    #   bytesim-astra-sim-svc (pyproject.toml)
    #   fastapi
pydantic-core==2.46.3
    # via pydantic
python-dotenv==1.2.2
    # via uvicorn
pyyaml==6.0.3
    # via uvicorn
starlette==1.0.0
    # via fastapi
typing-extensions==4.15.0
    # via
    #   anyio
    #   fastapi
    #   pydantic
    #   pydantic-core
    #   starlette
    #   typing-inspection
typing-inspection==0.4.2
    # via
    #   fastapi
    #   pydantic
uvicorn==0.46.0
    # via bytesim-astra-sim-svc (pyproject.toml)
uvloop==0.22.1
    # via uvicorn
watchfiles==1.1.1
    # via uvicorn
websockets==16.0
    # via uvicorn
